
Microsoft Visual Studio Solution File, Format Version 12.00
# Visual Studio Version 16
VisualStudioVersion = 16.0.33423.256
MinimumVisualStudioVersion = 10.0.40219.1
Project("{888888A0-9F3D-457C-B088-3A5042F75D52}") = "CreateStrategyTrading", "CreateStrategyTrading.pyproj", "{ABA6C1D7-A5DE-44CF-AF1F-5696377F6F8F}"
EndProject
Global
	GlobalSection(SolutionConfigurationPlatforms) = preSolution
		Debug|Any CPU = Debug|Any CPU
		Release|Any CPU = Release|Any CPU
	EndGlobalSection
	GlobalSection(ProjectConfigurationPlatforms) = postSolution
		{ABA6C1D7-A5DE-44CF-AF1F-5696377F6F8F}.Debug|Any CPU.ActiveCfg = Debug|Any CPU
		{ABA6C1D7-A5DE-44CF-AF1F-5696377F6F8F}.Release|Any CPU.ActiveCfg = Release|Any CPU
	EndGlobalSection
	GlobalSection(SolutionProperties) = preSolution
		HideSolutionNode = FALSE
	EndGlobalSection
	GlobalSection(ExtensibilityGlobals) = postSolution
		SolutionGuid = {651B75B9-C64F-4A5E-9750-453A55F2582C}
	EndGlobalSection
EndGlobal
